
Microsoft Visual Studio Solution File, Format Version 12.00
# Visual Studio Version 17
VisualStudioVersion = 17.12.35527.113
MinimumVisualStudioVersion = 10.0.40219.1
Project("{FAE04EC0-301F-11D3-BF4B-00C04F79EFBC}") = "Ecommerce.Exception", "Ecommerce.Exception\Ecommerce.Exception.csproj", "{601F1D4D-2E68-4A8F-9FC2-601587391FCD}"
EndProject
Project("{FAE04EC0-301F-11D3-BF4B-00C04F79EFBC}") = "Ecommerce.Domain", "Ecommerce.Domain\Ecommerce.Domain.csproj", "{AF5B7193-2F4F-437E-BE37-8E91E044361B}"
EndProject
Project("{FAE04EC0-301F-11D3-BF4B-00C04F79EFBC}") = "Ecommerce.Application", "Ecommerce.Application\Ecommerce.Application.csproj", "{0D480372-EC5C-4DC5-8C81-B9C5D2774F48}"
	ProjectSection(ProjectDependencies) = postProject
		{601F1D4D-2E68-4A8F-9FC2-601587391FCD} = {601F1D4D-2E68-4A8F-9FC2-601587391FCD}
		{696AFB53-6C5C-4E8D-AEB1-E4DD909211AA} = {696AFB53-6C5C-4E8D-AEB1-E4DD909211AA}
		{AF5B7193-2F4F-437E-BE37-8E91E044361B} = {AF5B7193-2F4F-437E-BE37-8E91E044361B}
	EndProjectSection
EndProject
Project("{FAE04EC0-301F-11D3-BF4B-00C04F79EFBC}") = "Ecommerce.Communication", "Ecommerce.Communication\Ecommerce.Communication.csproj", "{696AFB53-6C5C-4E8D-AEB1-E4DD909211AA}"
EndProject
Project("{FAE04EC0-301F-11D3-BF4B-00C04F79EFBC}") = "Ecommerce.CrossCutting", "Ecommerce.CrossCutting\Ecommerce.CrossCutting.csproj", "{475DC2EC-CEA8-4C79-AB01-DFFC3ABCF85F}"
	ProjectSection(ProjectDependencies) = postProject
		{0D480372-EC5C-4DC5-8C81-B9C5D2774F48} = {0D480372-EC5C-4DC5-8C81-B9C5D2774F48}
		{AF5B7193-2F4F-437E-BE37-8E91E044361B} = {AF5B7193-2F4F-437E-BE37-8E91E044361B}
	EndProjectSection
EndProject
Project("{FAE04EC0-301F-11D3-BF4B-00C04F79EFBC}") = "Ecommerce.Api", "Ecommerce.Api\Ecommerce.Api.csproj", "{0CBBA2F9-1372-4A80-B811-ACAFF3F5FB1F}"
	ProjectSection(ProjectDependencies) = postProject
		{475DC2EC-CEA8-4C79-AB01-DFFC3ABCF85F} = {475DC2EC-CEA8-4C79-AB01-DFFC3ABCF85F}
		{601F1D4D-2E68-4A8F-9FC2-601587391FCD} = {601F1D4D-2E68-4A8F-9FC2-601587391FCD}
		{696AFB53-6C5C-4E8D-AEB1-E4DD909211AA} = {696AFB53-6C5C-4E8D-AEB1-E4DD909211AA}
	EndProjectSection
EndProject
Project("{FAE04EC0-301F-11D3-BF4B-00C04F79EFBC}") = "Ecommerce.Infrastructure", "Ecommerce.Infrastructure\Ecommerce.Infrastructure.csproj", "{D4A71306-E383-462F-8A9A-346D2C269613}"
EndProject
Global
	GlobalSection(SolutionConfigurationPlatforms) = preSolution
		Debug|Any CPU = Debug|Any CPU
		Release|Any CPU = Release|Any CPU
	EndGlobalSection
	GlobalSection(ProjectConfigurationPlatforms) = postSolution
		{601F1D4D-2E68-4A8F-9FC2-601587391FCD}.Debug|Any CPU.ActiveCfg = Debug|Any CPU
		{601F1D4D-2E68-4A8F-9FC2-601587391FCD}.Debug|Any CPU.Build.0 = Debug|Any CPU
		{601F1D4D-2E68-4A8F-9FC2-601587391FCD}.Release|Any CPU.ActiveCfg = Release|Any CPU
		{601F1D4D-2E68-4A8F-9FC2-601587391FCD}.Release|Any CPU.Build.0 = Release|Any CPU
		{AF5B7193-2F4F-437E-BE37-8E91E044361B}.Debug|Any CPU.ActiveCfg = Debug|Any CPU
		{AF5B7193-2F4F-437E-BE37-8E91E044361B}.Debug|Any CPU.Build.0 = Debug|Any CPU
		{AF5B7193-2F4F-437E-BE37-8E91E044361B}.Release|Any CPU.ActiveCfg = Release|Any CPU
		{AF5B7193-2F4F-437E-BE37-8E91E044361B}.Release|Any CPU.Build.0 = Release|Any CPU
		{0D480372-EC5C-4DC5-8C81-B9C5D2774F48}.Debug|Any CPU.ActiveCfg = Debug|Any CPU
		{0D480372-EC5C-4DC5-8C81-B9C5D2774F48}.Debug|Any CPU.Build.0 = Debug|Any CPU
		{0D480372-EC5C-4DC5-8C81-B9C5D2774F48}.Release|Any CPU.ActiveCfg = Release|Any CPU
		{0D480372-EC5C-4DC5-8C81-B9C5D2774F48}.Release|Any CPU.Build.0 = Release|Any CPU
		{696AFB53-6C5C-4E8D-AEB1-E4DD909211AA}.Debug|Any CPU.ActiveCfg = Debug|Any CPU
		{696AFB53-6C5C-4E8D-AEB1-E4DD909211AA}.Debug|Any CPU.Build.0 = Debug|Any CPU
		{696AFB53-6C5C-4E8D-AEB1-E4DD909211AA}.Release|Any CPU.ActiveCfg = Release|Any CPU
		{696AFB53-6C5C-4E8D-AEB1-E4DD909211AA}.Release|Any CPU.Build.0 = Release|Any CPU
		{475DC2EC-CEA8-4C79-AB01-DFFC3ABCF85F}.Debug|Any CPU.ActiveCfg = Debug|Any CPU
		{475DC2EC-CEA8-4C79-AB01-DFFC3ABCF85F}.Debug|Any CPU.Build.0 = Debug|Any CPU
		{475DC2EC-CEA8-4C79-AB01-DFFC3ABCF85F}.Release|Any CPU.ActiveCfg = Release|Any CPU
		{475DC2EC-CEA8-4C79-AB01-DFFC3ABCF85F}.Release|Any CPU.Build.0 = Release|Any CPU
		{0CBBA2F9-1372-4A80-B811-ACAFF3F5FB1F}.Debug|Any CPU.ActiveCfg = Debug|Any CPU
		{0CBBA2F9-1372-4A80-B811-ACAFF3F5FB1F}.Debug|Any CPU.Build.0 = Debug|Any CPU
		{0CBBA2F9-1372-4A80-B811-ACAFF3F5FB1F}.Release|Any CPU.ActiveCfg = Release|Any CPU
		{0CBBA2F9-1372-4A80-B811-ACAFF3F5FB1F}.Release|Any CPU.Build.0 = Release|Any CPU
		{D4A71306-E383-462F-8A9A-346D2C269613}.Debug|Any CPU.ActiveCfg = Debug|Any CPU
		{D4A71306-E383-462F-8A9A-346D2C269613}.Debug|Any CPU.Build.0 = Debug|Any CPU
		{D4A71306-E383-462F-8A9A-346D2C269613}.Release|Any CPU.ActiveCfg = Release|Any CPU
		{D4A71306-E383-462F-8A9A-346D2C269613}.Release|Any CPU.Build.0 = Release|Any CPU
	EndGlobalSection
	GlobalSection(SolutionProperties) = preSolution
		HideSolutionNode = FALSE
	EndGlobalSection
EndGlobal
